// !$*UTF8*$!
{
	archiveVersion = 1;
	classes = {
	};
	objectVersion = 56;
	objects = {

/* Begin PBXBuildFile section */
		F5E622F92C3C459E00B8E8D3 /* main.m in Sources */ = {isa = PBXBuildFile; fileRef = F5E622F82C3C459E00B8E8D3 /* main.m */; };
		F5E623012C3C461700B8E8D3 /* Employee.m in Sources */ = {isa = PBXBuildFile; fileRef = F5E623002C3C461700B8E8D3 /* Employee.m */; };
		F5E623042C3C47CE00B8E8D3 /* Admin.m in Sources */ = {isa = PBXBuildFile; fileRef = F5E623032C3C47CE00B8E8D3 /* Admin.m */; };
/* End PBXBuildFile section */

/* Begin PBXCopyFilesBuildPhase section */
		F5E622F32C3C459E00B8E8D3 /* CopyFiles */ = {
			isa = PBXCopyFilesBuildPhase;
			buildActionMask = 2147483647;
			dstPath = /usr/share/man/man1/;
			dstSubfolderSpec = 0;
			files = (
			);
			runOnlyForDeploymentPostprocessing = 1;
		};
/* End PBXCopyFilesBuildPhase section */

/* Begin PBXFileReference section */
		F5E622F52C3C459E00B8E8D3 /* initializers */ = {isa = PBXFileReference; explicitFileType = "compiled.mach-o.executable"; includeInIndex = 0; path = initializers; sourceTree = BUILT_PRODUCTS_DIR; };
		F5E622F82C3C459E00B8E8D3 /* main.m */ = {isa = PBXFileReference; lastKnownFileType = sourcecode.c.objc; path = main.m; sourceTree = "<group>"; };
		F5E622FF2C3C45B900B8E8D3 /* Employee.h */ = {isa = PBXFileReference; lastKnownFileType = sourcecode.c.h; path = Employee.h; sourceTree = "<group>"; };
		F5E623002C3C461700B8E8D3 /* Employee.m */ = {isa = PBXFileReference; lastKnownFileType = sourcecode.c.objc; path = Employee.m; sourceTree = "<group>"; };
		F5E623022C3C474D00B8E8D3 /* Admin.h */ = {isa = PBXFileReference; lastKnownFileType = sourcecode.c.h; path = Admin.h; sourceTree = "<group>"; };
		F5E623032C3C47CE00B8E8D3 /* Admin.m */ = {isa = PBXFileReference; lastKnownFileType = sourcecode.c.objc; path = Admin.m; sourceTree = "<group>"; };
		F5E623052C3D791C00B8E8D3 /* README.md */ = {isa = PBXFileReference; fileEncoding = 4; lastKnownFileType = net.daringfireball.markdown; path = README.md; sourceTree = "<group>"; };
/* End PBXFileReference section */

/* Begin PBXFrameworksBuildPhase section */
		F5E622F22C3C459E00B8E8D3 /* Frameworks */ = {
			isa = PBXFrameworksBuildPhase;
			buildActionMask = 2147483647;
			files = (
			);
			runOnlyForDeploymentPostprocessing = 0;
		};
/* End PBXFrameworksBuildPhase section */

/* Begin PBXGroup section */
		F5E622EC2C3C459E00B8E8D3 = {
			isa = PBXGroup;
			children = (
				F5E623052C3D791C00B8E8D3 /* README.md */,
				F5E622F72C3C459E00B8E8D3 /* initializers */,
				F5E622F62C3C459E00B8E8D3 /* Products */,
			);
			sourceTree = "<group>";
		};
		F5E622F62C3C459E00B8E8D3 /* Products */ = {
			isa = PBXGroup;
			children = (
				F5E622F52C3C459E00B8E8D3 /* initializers */,
			);
			name = Products;
			sourceTree = "<group>";
		};
		F5E622F72C3C459E00B8E8D3 /* initializers */ = {
			isa = PBXGroup;
			children = (
				F5E622F82C3C459E00B8E8D3 /* main.m */,
				F5E623022C3C474D00B8E8D3 /* Admin.h */,
				F5E623032C3C47CE00B8E8D3 /* Admin.m */,
				F5E622FF2C3C45B900B8E8D3 /* Employee.h */,
				F5E623002C3C461700B8E8D3 /* Employee.m */,
			);
			path = initializers;
			sourceTree = "<group>";
		};
/* End PBXGroup section */

/* Begin PBXNativeTarget section */
		F5E622F42C3C459E00B8E8D3 /* initializers */ = {
			isa = PBXNativeTarget;
			buildConfigurationList = F5E622FC2C3C459E00B8E8D3 /* Build configuration list for PBXNativeTarget "initializers" */;
			buildPhases = (
				F5E622F12C3C459E00B8E8D3 /* Sources */,
				F5E622F22C3C459E00B8E8D3 /* Frameworks */,
				F5E622F32C3C459E00B8E8D3 /* CopyFiles */,
			);
			buildRules = (
			);
			dependencies = (
			);
			name = initializers;
			productName = initializers;
			productReference = F5E622F52C3C459E00B8E8D3 /* initializers */;
			productType = "com.apple.product-type.tool";
		};
/* End PBXNativeTarget section */

/* Begin PBXProject section */
		F5E622ED2C3C459E00B8E8D3 /* Project object */ = {
			isa = PBXProject;
			attributes = {
				BuildIndependentTargetsInParallel = 1;
				LastUpgradeCheck = 1540;
				TargetAttributes = {
					F5E622F42C3C459E00B8E8D3 = {
						CreatedOnToolsVersion = 15.4;
					};
				};
			};
			buildConfigurationList = F5E622F02C3C459E00B8E8D3 /* Build configuration list for PBXProject "initializers" */;
			compatibilityVersion = "Xcode 14.0";
			developmentRegion = en;
			hasScannedForEncodings = 0;
			knownRegions = (
				en,
				Base,
			);
			mainGroup = F5E622EC2C3C459E00B8E8D3;
			productRefGroup = F5E622F62C3C459E00B8E8D3 /* Products */;
			projectDirPath = "";
			projectRoot = "";
			targets = (
				F5E622F42C3C459E00B8E8D3 /* initializers */,
			);
		};
/* End PBXProject section */

/* Begin PBXSourcesBuildPhase section */
		F5E622F12C3C459E00B8E8D3 /* Sources */ = {
			isa = PBXSourcesBuildPhase;
			buildActionMask = 2147483647;
			files = (
				F5E623042C3C47CE00B8E8D3 /* Admin.m in Sources */,
				F5E622F92C3C459E00B8E8D3 /* main.m in Sources */,
				F5E623012C3C461700B8E8D3 /* Employee.m in Sources */,
			);
			runOnlyForDeploymentPostprocessing = 0;
		};
/* End PBXSourcesBuildPhase section */

/* Begin XCBuildConfiguration section */
		F5E622FA2C3C459E00B8E8D3 /* Debug */ = {
			isa = XCBuildConfiguration;
			buildSettings = {
				ALWAYS_SEARCH_USER_PATHS = NO;
				ASSETCATALOG_COMPILER_GENERATE_SWIFT_ASSET_SYMBOL_EXTENSIONS = YES;
				CLANG_ANALYZER_NONNULL = YES;
				CLANG_ANALYZER_NUMBER_OBJECT_CONVERSION = YES_AGGRESSIVE;
				CLANG_CXX_LANGUAGE_STANDARD = "gnu++20";
				CLANG_ENABLE_MODULES = YES;
				CLANG_ENABLE_OBJC_ARC = YES;
				CLANG_ENABLE_OBJC_WEAK = YES;
				CLANG_WARN_BLOCK_CAPTURE_AUTORELEASING = YES;
				CLANG_WARN_BOOL_CONVERSION = YES;
				CLANG_WARN_COMMA = YES;
				CLANG_WARN_CONSTANT_CONVERSION = YES;
				CLANG_WARN_DEPRECATED_OBJC_IMPLEMENTATIONS = YES;
				CLANG_WARN_DIRECT_OBJC_ISA_USAGE = YES_ERROR;
				CLANG_WARN_DOCUMENTATION_COMMENTS = YES;
				CLANG_WARN_EMPTY_BODY = YES;
				CLANG_WARN_ENUM_CONVERSION = YES;
				CLANG_WARN_INFINITE_RECURSION = YES;
				CLANG_WARN_INT_CONVERSION = YES;
				CLANG_WARN_NON_LITERAL_NULL_CONVERSION = YES;
				CLANG_WARN_OBJC_IMPLICIT_RETAIN_SELF = YES;
				CLANG_WARN_OBJC_LITERAL_CONVERSION = YES;
				CLANG_WARN_OBJC_ROOT_CLASS = YES_ERROR;
				CLANG_WARN_QUOTED_INCLUDE_IN_FRAMEWORK_HEADER = YES;
				CLANG_WARN_RANGE_LOOP_ANALYSIS = YES;
				CLANG_WARN_STRICT_PROTOTYPES = YES;
				CLANG_WARN_SUSPICIOUS_MOVE = YES;
				CLANG_WARN_UNGUARDED_AVAILABILITY = YES_AGGRESSIVE;
				CLANG_WARN_UNREACHABLE_CODE = YES;
				CLANG_WARN__DUPLICATE_METHOD_MATCH = YES;
				COPY_PHASE_STRIP = NO;
				DEBUG_INFORMATION_FORMAT = dwarf;
				ENABLE_STRICT_OBJC_MSGSEND = YES;
				ENABLE_TESTABILITY = YES;
				ENABLE_USER_SCRIPT_SANDBOXING = YES;
				GCC_C_LANGUAGE_STANDARD = gnu17;
				GCC_DYNAMIC_NO_PIC = NO;
				GCC_NO_COMMON_BLOCKS = YES;
				GCC_OPTIMIZATION_LEVEL = 0;
				GCC_PREPROCESSOR_DEFINITIONS = (
					"DEBUG=1",
					"$(inherited)",
				);
				GCC_WARN_64_TO_32_BIT_CONVERSION = YES;
				GCC_WARN_ABOUT_RETURN_TYPE = YES_ERROR;
				GCC_WARN_UNDECLARED_SELECTOR = YES;
				GCC_WARN_UNINITIALIZED_AUTOS = YES_AGGRESSIVE;
				GCC_WARN_UNUSED_FUNCTION = YES;
				GCC_WARN_UNUSED_VARIABLE = YES;
				LOCALIZATION_PREFERS_STRING_CATALOGS = YES;
				MACOSX_DEPLOYMENT_TARGET = 14.5;
				MTL_ENABLE_DEBUG_INFO = INCLUDE_SOURCE;
				MTL_FAST_MATH = YES;
				ONLY_ACTIVE_ARCH = YES;
				SDKROOT = macosx;
			};
			name = Debug;
		};
		F5E622FB2C3C459E00B8E8D3 /* Release */ = {
			isa = XCBuildConfiguration;
			buildSettings = {
				ALWAYS_SEARCH_USER_PATHS = NO;
				ASSETCATALOG_COMPILER_GENERATE_SWIFT_ASSET_SYMBOL_EXTENSIONS = YES;
				CLANG_ANALYZER_NONNULL = YES;
				CLANG_ANALYZER_NUMBER_OBJECT_CONVERSION = YES_AGGRESSIVE;
				CLANG_CXX_LANGUAGE_STANDARD = "gnu++20";
				CLANG_ENABLE_MODULES = YES;
				CLANG_ENABLE_OBJC_ARC = YES;
				CLANG_ENABLE_OBJC_WEAK = YES;
				CLANG_WARN_BLOCK_CAPTURE_AUTORELEASING = YES;
				CLANG_WARN_BOOL_CONVERSION = YES;
				CLANG_WARN_COMMA = YES;
				CLANG_WARN_CONSTANT_CONVERSION = YES;
				CLANG_WARN_DEPRECATED_OBJC_IMPLEMENTATIONS = YES;
				CLANG_WARN_DIRECT_OBJC_ISA_USAGE = YES_ERROR;
				CLANG_WARN_DOCUMENTATION_COMMENTS = YES;
				CLANG_WARN_EMPTY_BODY = YES;
				CLANG_WARN_ENUM_CONVERSION = YES;
				CLANG_WARN_INFINITE_RECURSION = YES;
				CLANG_WARN_INT_CONVERSION = YES;
				CLANG_WARN_NON_LITERAL_NULL_CONVERSION = YES;
				CLANG_WARN_OBJC_IMPLICIT_RETAIN_SELF = YES;
				CLANG_WARN_OBJC_LITERAL_CONVERSION = YES;
				CLANG_WARN_OBJC_ROOT_CLASS = YES_ERROR;
				CLANG_WARN_QUOTED_INCLUDE_IN_FRAMEWORK_HEADER = YES;
				CLANG_WARN_RANGE_LOOP_ANALYSIS = YES;
				CLANG_WARN_STRICT_PROTOTYPES = YES;
				CLANG_WARN_SUSPICIOUS_MOVE = YES;
				CLANG_WARN_UNGUARDED_AVAILABILITY = YES_AGGRESSIVE;
				CLANG_WARN_UNREACHABLE_CODE = YES;
				CLANG_WARN__DUPLICATE_METHOD_MATCH = YES;
				COPY_PHASE_STRIP = NO;
				DEBUG_INFORMATION_FORMAT = "dwarf-with-dsym";
				ENABLE_NS_ASSERTIONS = NO;
				ENABLE_STRICT_OBJC_MSGSEND = YES;
				ENABLE_USER_SCRIPT_SANDBOXING = YES;
				GCC_C_LANGUAGE_STANDARD = gnu17;
				GCC_NO_COMMON_BLOCKS = YES;
				GCC_WARN_64_TO_32_BIT_CONVERSION = YES;
				GCC_WARN_ABOUT_RETURN_TYPE = YES_ERROR;
				GCC_WARN_UNDECLARED_SELECTOR = YES;
				GCC_WARN_UNINITIALIZED_AUTOS = YES_AGGRESSIVE;
				GCC_WARN_UNUSED_FUNCTION = YES;
				GCC_WARN_UNUSED_VARIABLE = YES;
				LOCALIZATION_PREFERS_STRING_CATALOGS = YES;
				MACOSX_DEPLOYMENT_TARGET = 14.5;
				MTL_ENABLE_DEBUG_INFO = NO;
				MTL_FAST_MATH = YES;
				SDKROOT = macosx;
			};
			name = Release;
		};
		F5E622FD2C3C459E00B8E8D3 /* Debug */ = {
			isa = XCBuildConfiguration;
			buildSettings = {
				CODE_SIGN_STYLE = Automatic;
				DEVELOPMENT_TEAM = BA672Z9B27;
				ENABLE_HARDENED_RUNTIME = YES;
				PRODUCT_NAME = "$(TARGET_NAME)";
			};
			name = Debug;
		};
		F5E622FE2C3C459E00B8E8D3 /* Release */ = {
			isa = XCBuildConfiguration;
			buildSettings = {
				CODE_SIGN_STYLE = Automatic;
				DEVELOPMENT_TEAM = BA672Z9B27;
				ENABLE_HARDENED_RUNTIME = YES;
				PRODUCT_NAME = "$(TARGET_NAME)";
			};
			name = Release;
		};
/* End XCBuildConfiguration section */

/* Begin XCConfigurationList section */
		F5E622F02C3C459E00B8E8D3 /* Build configuration list for PBXProject "initializers" */ = {
			isa = XCConfigurationList;
			buildConfigurations = (
				F5E622FA2C3C459E00B8E8D3 /* Debug */,
				F5E622FB2C3C459E00B8E8D3 /* Release */,
			);
			defaultConfigurationIsVisible = 0;
			defaultConfigurationName = Release;
		};
		F5E622FC2C3C459E00B8E8D3 /* Build configuration list for PBXNativeTarget "initializers" */ = {
			isa = XCConfigurationList;
			buildConfigurations = (
				F5E622FD2C3C459E00B8E8D3 /* Debug */,
				F5E622FE2C3C459E00B8E8D3 /* Release */,
			);
			defaultConfigurationIsVisible = 0;
			defaultConfigurationName = Release;
		};
/* End XCConfigurationList section */
	};
	rootObject = F5E622ED2C3C459E00B8E8D3 /* Project object */;
}
